
Microsoft Visual Studio Solution File, Format Version 12.00
# Visual Studio Version 17
VisualStudioVersion = 17.8.34330.188
MinimumVisualStudioVersion = 10.0.40219.1
Project("{9A19103F-16F7-4668-BE54-9A1E7A4F7556}") = "Sat.Recruitment.Api", "Sat.Recruitment.Api\Sat.Recruitment.Api.csproj", "{1F342EA2-E7B1-4E53-AB93-9C62288D3FB0}"
EndProject
Project("{9A19103F-16F7-4668-BE54-9A1E7A4F7556}") = "Sat.Recruitment.Test", "Sat.Recruitment.Test\Sat.Recruitment.Test.csproj", "{42E696E9-2672-4B91-AD96-353A69F7219C}"
EndProject
Project("{9A19103F-16F7-4668-BE54-9A1E7A4F7556}") = "Sat.Recruitment.Services", "Sat.Recruitment.Services\Sat.Recruitment.Services.csproj", "{5D999DAB-C700-4A53-BE54-43190D83D0A8}"
EndProject
Project("{9A19103F-16F7-4668-BE54-9A1E7A4F7556}") = "Sat.Recruitment.Repositories", "Sat.Recruitment.Repositories\Sat.Recruitment.Repositories.csproj", "{050F64C1-A647-4607-99B0-22E860F16C33}"
EndProject
Project("{FAE04EC0-301F-11D3-BF4B-00C04F79EFBC}") = "Sat.Recruitment.Models", "Sat.Recruitment.Models\Sat.Recruitment.Models.csproj", "{E8ABA9C0-F02A-428C-B2C3-D6BA97AD1E16}"
EndProject
Global
	GlobalSection(SolutionConfigurationPlatforms) = preSolution
		Debug|Any CPU = Debug|Any CPU
		Release|Any CPU = Release|Any CPU
	EndGlobalSection
	GlobalSection(ProjectConfigurationPlatforms) = postSolution
		{1F342EA2-E7B1-4E53-AB93-9C62288D3FB0}.Debug|Any CPU.ActiveCfg = Debug|Any CPU
		{1F342EA2-E7B1-4E53-AB93-9C62288D3FB0}.Debug|Any CPU.Build.0 = Debug|Any CPU
		{1F342EA2-E7B1-4E53-AB93-9C62288D3FB0}.Release|Any CPU.ActiveCfg = Release|Any CPU
		{1F342EA2-E7B1-4E53-AB93-9C62288D3FB0}.Release|Any CPU.Build.0 = Release|Any CPU
		{42E696E9-2672-4B91-AD96-353A69F7219C}.Debug|Any CPU.ActiveCfg = Debug|Any CPU
		{42E696E9-2672-4B91-AD96-353A69F7219C}.Debug|Any CPU.Build.0 = Debug|Any CPU
		{42E696E9-2672-4B91-AD96-353A69F7219C}.Release|Any CPU.ActiveCfg = Release|Any CPU
		{42E696E9-2672-4B91-AD96-353A69F7219C}.Release|Any CPU.Build.0 = Release|Any CPU
		{5D999DAB-C700-4A53-BE54-43190D83D0A8}.Debug|Any CPU.ActiveCfg = Debug|Any CPU
		{5D999DAB-C700-4A53-BE54-43190D83D0A8}.Debug|Any CPU.Build.0 = Debug|Any CPU
		{5D999DAB-C700-4A53-BE54-43190D83D0A8}.Release|Any CPU.ActiveCfg = Release|Any CPU
		{5D999DAB-C700-4A53-BE54-43190D83D0A8}.Release|Any CPU.Build.0 = Release|Any CPU
		{050F64C1-A647-4607-99B0-22E860F16C33}.Debug|Any CPU.ActiveCfg = Debug|Any CPU
		{050F64C1-A647-4607-99B0-22E860F16C33}.Debug|Any CPU.Build.0 = Debug|Any CPU
		{050F64C1-A647-4607-99B0-22E860F16C33}.Release|Any CPU.ActiveCfg = Release|Any CPU
		{050F64C1-A647-4607-99B0-22E860F16C33}.Release|Any CPU.Build.0 = Release|Any CPU
		{E8ABA9C0-F02A-428C-B2C3-D6BA97AD1E16}.Debug|Any CPU.ActiveCfg = Debug|Any CPU
		{E8ABA9C0-F02A-428C-B2C3-D6BA97AD1E16}.Debug|Any CPU.Build.0 = Debug|Any CPU
		{E8ABA9C0-F02A-428C-B2C3-D6BA97AD1E16}.Release|Any CPU.ActiveCfg = Release|Any CPU
		{E8ABA9C0-F02A-428C-B2C3-D6BA97AD1E16}.Release|Any CPU.Build.0 = Release|Any CPU
	EndGlobalSection
	GlobalSection(SolutionProperties) = preSolution
		HideSolutionNode = FALSE
	EndGlobalSection
	GlobalSection(ExtensibilityGlobals) = postSolution
		SolutionGuid = {A2A05765-05B9-484D-8D3D-506849EB716F}
	EndGlobalSection
EndGlobal
